
Microsoft Visual Studio Solution File, Format Version 12.00
# Visual Studio Version 16
VisualStudioVersion = 16.0.29806.167
MinimumVisualStudioVersion = 10.0.40219.1
Project("{8BC9CEB8-8B4A-11D0-8D11-00A0C91BC942}") = "SpecialIOGame", "SpecialIOGame\SpecialIOGame.vcxproj", "{B7C7F7D9-1A86-454F-A087-0CE7110C0E36}"
EndProject
Global
	GlobalSection(SolutionConfigurationPlatforms) = preSolution
		Debug|x64 = Debug|x64
		Debug|x86 = Debug|x86
		Release|x64 = Release|x64
		Release|x86 = Release|x86
	EndGlobalSection
	GlobalSection(ProjectConfigurationPlatforms) = postSolution
		{B7C7F7D9-1A86-454F-A087-0CE7110C0E36}.Debug|x64.ActiveCfg = Debug|x64
		{B7C7F7D9-1A86-454F-A087-0CE7110C0E36}.Debug|x64.Build.0 = Debug|x64
		{B7C7F7D9-1A86-454F-A087-0CE7110C0E36}.Debug|x86.ActiveCfg = Debug|Win32
		{B7C7F7D9-1A86-454F-A087-0CE7110C0E36}.Debug|x86.Build.0 = Debug|Win32
		{B7C7F7D9-1A86-454F-A087-0CE7110C0E36}.Release|x64.ActiveCfg = Release|x64
		{B7C7F7D9-1A86-454F-A087-0CE7110C0E36}.Release|x64.Build.0 = Release|x64
		{B7C7F7D9-1A86-454F-A087-0CE7110C0E36}.Release|x86.ActiveCfg = Release|Win32
		{B7C7F7D9-1A86-454F-A087-0CE7110C0E36}.Release|x86.Build.0 = Release|Win32
	EndGlobalSection
	GlobalSection(SolutionProperties) = preSolution
		HideSolutionNode = FALSE
	EndGlobalSection
	GlobalSection(ExtensibilityGlobals) = postSolution
		SolutionGuid = {098C3901-5D81-4E44-83CB-131CE116C71A}
	EndGlobalSection
EndGlobal
